
Microsoft Visual Studio Solution File, Format Version 12.00
# Visual Studio Version 17
VisualStudioVersion = 17.11.35312.102
MinimumVisualStudioVersion = 10.0.40219.1
Project("{FAE04EC0-301F-11D3-BF4B-00C04F79EFBC}") = "Flidais", "Flidais\Flidais.csproj", "{C33556EA-F9A8-4758-91DC-531FC7B329F9}"
EndProject
Global
	GlobalSection(SolutionConfigurationPlatforms) = preSolution
		Debug|Any CPU = Debug|Any CPU
		Release|Any CPU = Release|Any CPU
	EndGlobalSection
	GlobalSection(ProjectConfigurationPlatforms) = postSolution
		{C33556EA-F9A8-4758-91DC-531FC7B329F9}.Debug|Any CPU.ActiveCfg = Debug|Any CPU
		{C33556EA-F9A8-4758-91DC-531FC7B329F9}.Debug|Any CPU.Build.0 = Debug|Any CPU
		{C33556EA-F9A8-4758-91DC-531FC7B329F9}.Release|Any CPU.ActiveCfg = Release|Any CPU
		{C33556EA-F9A8-4758-91DC-531FC7B329F9}.Release|Any CPU.Build.0 = Release|Any CPU
	EndGlobalSection
	GlobalSection(SolutionProperties) = preSolution
		HideSolutionNode = FALSE
	EndGlobalSection
	GlobalSection(ExtensibilityGlobals) = postSolution
		SolutionGuid = {3889858E-DA64-4161-9D9F-0A22C3D25E82}
	EndGlobalSection
EndGlobal
